# THIS IS AN AUTOGENERATED FILE. DO NOT EDIT THIS FILE DIRECTLY.
# yarn lockfile v1


"@rails/actiontext@^7.0.4":
  version "7.0.4"
  resolved "https://registry.yarnpkg.com/@rails/actiontext/-/actiontext-7.0.4.tgz#742a74155b8c8ebf65e696ab6a6d2a3212511092"
  integrity sha512-vyXZ4cNkudpfSfFWuyo1SSKBQXTK2H02xjd5vLHIBqJOKaqcZ7aFWe6n8NoQrTpAt+ULYtjkH0xMhJ5holswsQ==
  dependencies:
    "@rails/activestorage" ">= 7.0.0-alpha1"

"@rails/activestorage@>= 7.0.0-alpha1":
  version "7.0.4"
  resolved "https://registry.yarnpkg.com/@rails/activestorage/-/activestorage-7.0.4.tgz#56bc3052f60e8867b40a87ed5ff3c0afe536643e"
  integrity sha512-K2fV9C0z88fapu58nt9uHzMylsmJWUFuaIFvuZQEf1WTiPMsgTsj1bf8+cD81zXfTXYMZDQNRq4164JmuBKD3A==
  dependencies:
    spark-md5 "^3.0.1"

bootstrap@^5.2.2:
  version "5.2.2"
  resolved "https://registry.yarnpkg.com/bootstrap/-/bootstrap-5.2.2.tgz#834e053eed584a65e244d8aa112a6959f56e27a0"
  integrity sha512-dEtzMTV71n6Fhmbg4fYJzQsw1N29hJKO1js5ackCgIpDcGid2ETMGC6zwSYw09v05Y+oRdQ9loC54zB1La3hHQ==

jquery@^3.6.1:
  version "3.6.1"
  resolved "https://registry.yarnpkg.com/jquery/-/jquery-3.6.1.tgz#fab0408f8b45fc19f956205773b62b292c147a16"
  integrity sha512-opJeO4nCucVnsjiXOE+/PcCgYw9Gwpvs/a6B1LL/lQhwWwpbVEVYDZ1FokFr8PRc7ghYlrFPuyHuiiDNTQxmcw==

spark-md5@^3.0.1:
  version "3.0.2"
  resolved "https://registry.yarnpkg.com/spark-md5/-/spark-md5-3.0.2.tgz#7952c4a30784347abcee73268e473b9c0167e3fc"
  integrity sha512-wcFzz9cDfbuqe0FZzfi2or1sgyIrsDwmPwfZC4hiNidPdPINjeUwNfv5kldczoEAcjl9Y1L3SM7Uz2PUEQzxQw==

trix@^2.0.3:
  version "2.0.3"
  resolved "https://registry.yarnpkg.com/trix/-/trix-2.0.3.tgz#6c60a2cdb62d36a8d67642a698695e72939e92bf"
  integrity sha512-QIz71n75odwftH+YMg/oYPYsU7C+MwcEpWcQJDYKlnQ2Gu27zeXFTKbeTW2+UI4tHgQ2TlMiNpbqXLvJqcTzAg==
